
Microsoft Visual Studio Solution File, Format Version 12.00
# Visual Studio Version 17
VisualStudioVersion = 17.6.33829.357
MinimumVisualStudioVersion = 10.0.40219.1
Project("{FAE04EC0-301F-11D3-BF4B-00C04F79EFBC}") = "DogsApp", "DogsApp\DogsApp.csproj", "{7D6CCC67-2CEE-49C4-9CED-036A92F0CE41}"
EndProject
Project("{FAE04EC0-301F-11D3-BF4B-00C04F79EFBC}") = "DogsApp.Core", "DogsApp.Core\DogsApp.Core.csproj", "{0B767EFD-A0A2-43D8-A851-20141AB49915}"
EndProject
Project("{FAE04EC0-301F-11D3-BF4B-00C04F79EFBC}") = "DogsApp.Infrastructure", "DogsApp.Infrastructure\DogsApp.Infrastructure.csproj", "{1647CDE9-0B91-4C40-B240-36585D4BD4CF}"
EndProject
Global
	GlobalSection(SolutionConfigurationPlatforms) = preSolution
		Debug|Any CPU = Debug|Any CPU
		Release|Any CPU = Release|Any CPU
	EndGlobalSection
	GlobalSection(ProjectConfigurationPlatforms) = postSolution
		{7D6CCC67-2CEE-49C4-9CED-036A92F0CE41}.Debug|Any CPU.ActiveCfg = Debug|Any CPU
		{7D6CCC67-2CEE-49C4-9CED-036A92F0CE41}.Debug|Any CPU.Build.0 = Debug|Any CPU
		{7D6CCC67-2CEE-49C4-9CED-036A92F0CE41}.Release|Any CPU.ActiveCfg = Release|Any CPU
		{7D6CCC67-2CEE-49C4-9CED-036A92F0CE41}.Release|Any CPU.Build.0 = Release|Any CPU
		{0B767EFD-A0A2-43D8-A851-20141AB49915}.Debug|Any CPU.ActiveCfg = Debug|Any CPU
		{0B767EFD-A0A2-43D8-A851-20141AB49915}.Debug|Any CPU.Build.0 = Debug|Any CPU
		{0B767EFD-A0A2-43D8-A851-20141AB49915}.Release|Any CPU.ActiveCfg = Release|Any CPU
		{0B767EFD-A0A2-43D8-A851-20141AB49915}.Release|Any CPU.Build.0 = Release|Any CPU
		{1647CDE9-0B91-4C40-B240-36585D4BD4CF}.Debug|Any CPU.ActiveCfg = Debug|Any CPU
		{1647CDE9-0B91-4C40-B240-36585D4BD4CF}.Debug|Any CPU.Build.0 = Debug|Any CPU
		{1647CDE9-0B91-4C40-B240-36585D4BD4CF}.Release|Any CPU.ActiveCfg = Release|Any CPU
		{1647CDE9-0B91-4C40-B240-36585D4BD4CF}.Release|Any CPU.Build.0 = Release|Any CPU
	EndGlobalSection
	GlobalSection(SolutionProperties) = preSolution
		HideSolutionNode = FALSE
	EndGlobalSection
	GlobalSection(ExtensibilityGlobals) = postSolution
		SolutionGuid = {87631DA1-A232-4C3E-8A62-C17E9573E1B4}
	EndGlobalSection
EndGlobal
